
Microsoft Visual Studio Solution File, Format Version 12.00
# Visual Studio Version 17
VisualStudioVersion = 17.14.36518.9
MinimumVisualStudioVersion = 10.0.40219.1
Project("{FAE04EC0-301F-11D3-BF4B-00C04F79EFBC}") = "BShop.ProductApi", "BShop.ProductApi\BShop.ProductApi.csproj", "{82B23457-7905-4B74-B7E1-D82950CB49F8}"
EndProject
Project("{FAE04EC0-301F-11D3-BF4B-00C04F79EFBC}") = "BShop.Web", "BShop.Web\BShop.Web.csproj", "{A377CE4B-02D3-4460-9A37-077E6E548C43}"
EndProject
Global
	GlobalSection(SolutionConfigurationPlatforms) = preSolution
		Debug|Any CPU = Debug|Any CPU
		Debug|x64 = Debug|x64
		Debug|x86 = Debug|x86
		Release|Any CPU = Release|Any CPU
		Release|x64 = Release|x64
		Release|x86 = Release|x86
	EndGlobalSection
	GlobalSection(ProjectConfigurationPlatforms) = postSolution
		{82B23457-7905-4B74-B7E1-D82950CB49F8}.Debug|Any CPU.ActiveCfg = Debug|Any CPU
		{82B23457-7905-4B74-B7E1-D82950CB49F8}.Debug|Any CPU.Build.0 = Debug|Any CPU
		{82B23457-7905-4B74-B7E1-D82950CB49F8}.Debug|x64.ActiveCfg = Debug|Any CPU
		{82B23457-7905-4B74-B7E1-D82950CB49F8}.Debug|x64.Build.0 = Debug|Any CPU
		{82B23457-7905-4B74-B7E1-D82950CB49F8}.Debug|x86.ActiveCfg = Debug|Any CPU
		{82B23457-7905-4B74-B7E1-D82950CB49F8}.Debug|x86.Build.0 = Debug|Any CPU
		{82B23457-7905-4B74-B7E1-D82950CB49F8}.Release|Any CPU.ActiveCfg = Release|Any CPU
		{82B23457-7905-4B74-B7E1-D82950CB49F8}.Release|Any CPU.Build.0 = Release|Any CPU
		{82B23457-7905-4B74-B7E1-D82950CB49F8}.Release|x64.ActiveCfg = Release|Any CPU
		{82B23457-7905-4B74-B7E1-D82950CB49F8}.Release|x64.Build.0 = Release|Any CPU
		{82B23457-7905-4B74-B7E1-D82950CB49F8}.Release|x86.ActiveCfg = Release|Any CPU
		{82B23457-7905-4B74-B7E1-D82950CB49F8}.Release|x86.Build.0 = Release|Any CPU
		{A377CE4B-02D3-4460-9A37-077E6E548C43}.Debug|Any CPU.ActiveCfg = Debug|Any CPU
		{A377CE4B-02D3-4460-9A37-077E6E548C43}.Debug|Any CPU.Build.0 = Debug|Any CPU
		{A377CE4B-02D3-4460-9A37-077E6E548C43}.Debug|x64.ActiveCfg = Debug|Any CPU
		{A377CE4B-02D3-4460-9A37-077E6E548C43}.Debug|x64.Build.0 = Debug|Any CPU
		{A377CE4B-02D3-4460-9A37-077E6E548C43}.Debug|x86.ActiveCfg = Debug|Any CPU
		{A377CE4B-02D3-4460-9A37-077E6E548C43}.Debug|x86.Build.0 = Debug|Any CPU
		{A377CE4B-02D3-4460-9A37-077E6E548C43}.Release|Any CPU.ActiveCfg = Release|Any CPU
		{A377CE4B-02D3-4460-9A37-077E6E548C43}.Release|Any CPU.Build.0 = Release|Any CPU
		{A377CE4B-02D3-4460-9A37-077E6E548C43}.Release|x64.ActiveCfg = Release|Any CPU
		{A377CE4B-02D3-4460-9A37-077E6E548C43}.Release|x64.Build.0 = Release|Any CPU
		{A377CE4B-02D3-4460-9A37-077E6E548C43}.Release|x86.ActiveCfg = Release|Any CPU
		{A377CE4B-02D3-4460-9A37-077E6E548C43}.Release|x86.Build.0 = Release|Any CPU
	EndGlobalSection
	GlobalSection(SolutionProperties) = preSolution
		HideSolutionNode = FALSE
	EndGlobalSection
	GlobalSection(ExtensibilityGlobals) = postSolution
		SolutionGuid = {C18A10EE-8101-47C5-80D4-8BB821E9F97E}
	EndGlobalSection
EndGlobal
