
Microsoft Visual Studio Solution File, Format Version 12.00
# Visual Studio Version 17
VisualStudioVersion = 17.14.36518.9
MinimumVisualStudioVersion = 10.0.40219.1
Project("{2150E333-8FDC-42A3-9474-1A3956D46DE8}") = "Backend", "Backend", "{921DBCB9-5CF6-4C27-8FBC-A772F504B472}"
EndProject
Project("{FAE04EC0-301F-11D3-BF4B-00C04F79EFBC}") = "BShop.IdentityServer", "BackEnd\BShop.IdentityServer\BShop.IdentityServer.csproj", "{1C9A043B-8111-4060-8807-5EAD66B59162}"
EndProject
Project("{FAE04EC0-301F-11D3-BF4B-00C04F79EFBC}") = "BShop.ProductApi", "BackEnd\BShop.ProductApi\BShop.ProductApi.csproj", "{1EDF251C-66AC-40DB-A858-3C8CA4755D28}"
EndProject
Project("{2150E333-8FDC-42A3-9474-1A3956D46DE8}") = "FrontEnd", "FrontEnd", "{CE609670-85B9-0D16-FB54-ED063D5D8A6D}"
EndProject
Project("{FAE04EC0-301F-11D3-BF4B-00C04F79EFBC}") = "BShop.Web", "FrontEnd\BShop.Web.csproj", "{F639A691-D276-40BE-A7D5-B4D9B85F58E5}"
EndProject
Project("{FAE04EC0-301F-11D3-BF4B-00C04F79EFBC}") = "BShop.CartApi", "Backend\BShop.CartApi\BShop.CartApi.csproj", "{6DB8B13D-84E7-4E5D-829D-6D5DC8192C86}"
EndProject
Project("{FAE04EC0-301F-11D3-BF4B-00C04F79EFBC}") = "BShop.DiscountApi", "BackEnd\BShop.DiscountApi\BShop.DiscountApi.csproj", "{EC3A46EC-0A63-4D6B-BE1A-00BBE9EFF7EE}"
EndProject
Global
	GlobalSection(SolutionConfigurationPlatforms) = preSolution
		Debug|Any CPU = Debug|Any CPU
		Debug|x64 = Debug|x64
		Debug|x86 = Debug|x86
		Release|Any CPU = Release|Any CPU
		Release|x64 = Release|x64
		Release|x86 = Release|x86
	EndGlobalSection
	GlobalSection(ProjectConfigurationPlatforms) = postSolution
		{1C9A043B-8111-4060-8807-5EAD66B59162}.Debug|Any CPU.ActiveCfg = Debug|Any CPU
		{1C9A043B-8111-4060-8807-5EAD66B59162}.Debug|Any CPU.Build.0 = Debug|Any CPU
		{1C9A043B-8111-4060-8807-5EAD66B59162}.Debug|x64.ActiveCfg = Debug|Any CPU
		{1C9A043B-8111-4060-8807-5EAD66B59162}.Debug|x64.Build.0 = Debug|Any CPU
		{1C9A043B-8111-4060-8807-5EAD66B59162}.Debug|x86.ActiveCfg = Debug|Any CPU
		{1C9A043B-8111-4060-8807-5EAD66B59162}.Debug|x86.Build.0 = Debug|Any CPU
		{1C9A043B-8111-4060-8807-5EAD66B59162}.Release|Any CPU.ActiveCfg = Release|Any CPU
		{1C9A043B-8111-4060-8807-5EAD66B59162}.Release|Any CPU.Build.0 = Release|Any CPU
		{1C9A043B-8111-4060-8807-5EAD66B59162}.Release|x64.ActiveCfg = Release|Any CPU
		{1C9A043B-8111-4060-8807-5EAD66B59162}.Release|x64.Build.0 = Release|Any CPU
		{1C9A043B-8111-4060-8807-5EAD66B59162}.Release|x86.ActiveCfg = Release|Any CPU
		{1C9A043B-8111-4060-8807-5EAD66B59162}.Release|x86.Build.0 = Release|Any CPU
		{1EDF251C-66AC-40DB-A858-3C8CA4755D28}.Debug|Any CPU.ActiveCfg = Debug|Any CPU
		{1EDF251C-66AC-40DB-A858-3C8CA4755D28}.Debug|Any CPU.Build.0 = Debug|Any CPU
		{1EDF251C-66AC-40DB-A858-3C8CA4755D28}.Debug|x64.ActiveCfg = Debug|Any CPU
		{1EDF251C-66AC-40DB-A858-3C8CA4755D28}.Debug|x64.Build.0 = Debug|Any CPU
		{1EDF251C-66AC-40DB-A858-3C8CA4755D28}.Debug|x86.ActiveCfg = Debug|Any CPU
		{1EDF251C-66AC-40DB-A858-3C8CA4755D28}.Debug|x86.Build.0 = Debug|Any CPU
		{1EDF251C-66AC-40DB-A858-3C8CA4755D28}.Release|Any CPU.ActiveCfg = Release|Any CPU
		{1EDF251C-66AC-40DB-A858-3C8CA4755D28}.Release|Any CPU.Build.0 = Release|Any CPU
		{1EDF251C-66AC-40DB-A858-3C8CA4755D28}.Release|x64.ActiveCfg = Release|Any CPU
		{1EDF251C-66AC-40DB-A858-3C8CA4755D28}.Release|x64.Build.0 = Release|Any CPU
		{1EDF251C-66AC-40DB-A858-3C8CA4755D28}.Release|x86.ActiveCfg = Release|Any CPU
		{1EDF251C-66AC-40DB-A858-3C8CA4755D28}.Release|x86.Build.0 = Release|Any CPU
		{F639A691-D276-40BE-A7D5-B4D9B85F58E5}.Debug|Any CPU.ActiveCfg = Debug|Any CPU
		{F639A691-D276-40BE-A7D5-B4D9B85F58E5}.Debug|Any CPU.Build.0 = Debug|Any CPU
		{F639A691-D276-40BE-A7D5-B4D9B85F58E5}.Debug|x64.ActiveCfg = Debug|Any CPU
		{F639A691-D276-40BE-A7D5-B4D9B85F58E5}.Debug|x64.Build.0 = Debug|Any CPU
		{F639A691-D276-40BE-A7D5-B4D9B85F58E5}.Debug|x86.ActiveCfg = Debug|Any CPU
		{F639A691-D276-40BE-A7D5-B4D9B85F58E5}.Debug|x86.Build.0 = Debug|Any CPU
		{F639A691-D276-40BE-A7D5-B4D9B85F58E5}.Release|Any CPU.ActiveCfg = Release|Any CPU
		{F639A691-D276-40BE-A7D5-B4D9B85F58E5}.Release|Any CPU.Build.0 = Release|Any CPU
		{F639A691-D276-40BE-A7D5-B4D9B85F58E5}.Release|x64.ActiveCfg = Release|Any CPU
		{F639A691-D276-40BE-A7D5-B4D9B85F58E5}.Release|x64.Build.0 = Release|Any CPU
		{F639A691-D276-40BE-A7D5-B4D9B85F58E5}.Release|x86.ActiveCfg = Release|Any CPU
		{F639A691-D276-40BE-A7D5-B4D9B85F58E5}.Release|x86.Build.0 = Release|Any CPU
		{6DB8B13D-84E7-4E5D-829D-6D5DC8192C86}.Debug|Any CPU.ActiveCfg = Debug|Any CPU
		{6DB8B13D-84E7-4E5D-829D-6D5DC8192C86}.Debug|Any CPU.Build.0 = Debug|Any CPU
		{6DB8B13D-84E7-4E5D-829D-6D5DC8192C86}.Debug|x64.ActiveCfg = Debug|Any CPU
		{6DB8B13D-84E7-4E5D-829D-6D5DC8192C86}.Debug|x64.Build.0 = Debug|Any CPU
		{6DB8B13D-84E7-4E5D-829D-6D5DC8192C86}.Debug|x86.ActiveCfg = Debug|Any CPU
		{6DB8B13D-84E7-4E5D-829D-6D5DC8192C86}.Debug|x86.Build.0 = Debug|Any CPU
		{6DB8B13D-84E7-4E5D-829D-6D5DC8192C86}.Release|Any CPU.ActiveCfg = Release|Any CPU
		{6DB8B13D-84E7-4E5D-829D-6D5DC8192C86}.Release|Any CPU.Build.0 = Release|Any CPU
		{6DB8B13D-84E7-4E5D-829D-6D5DC8192C86}.Release|x64.ActiveCfg = Release|Any CPU
		{6DB8B13D-84E7-4E5D-829D-6D5DC8192C86}.Release|x64.Build.0 = Release|Any CPU
		{6DB8B13D-84E7-4E5D-829D-6D5DC8192C86}.Release|x86.ActiveCfg = Release|Any CPU
		{6DB8B13D-84E7-4E5D-829D-6D5DC8192C86}.Release|x86.Build.0 = Release|Any CPU
		{EC3A46EC-0A63-4D6B-BE1A-00BBE9EFF7EE}.Debug|Any CPU.ActiveCfg = Debug|Any CPU
		{EC3A46EC-0A63-4D6B-BE1A-00BBE9EFF7EE}.Debug|Any CPU.Build.0 = Debug|Any CPU
		{EC3A46EC-0A63-4D6B-BE1A-00BBE9EFF7EE}.Debug|x64.ActiveCfg = Debug|Any CPU
		{EC3A46EC-0A63-4D6B-BE1A-00BBE9EFF7EE}.Debug|x64.Build.0 = Debug|Any CPU
		{EC3A46EC-0A63-4D6B-BE1A-00BBE9EFF7EE}.Debug|x86.ActiveCfg = Debug|Any CPU
		{EC3A46EC-0A63-4D6B-BE1A-00BBE9EFF7EE}.Debug|x86.Build.0 = Debug|Any CPU
		{EC3A46EC-0A63-4D6B-BE1A-00BBE9EFF7EE}.Release|Any CPU.ActiveCfg = Release|Any CPU
		{EC3A46EC-0A63-4D6B-BE1A-00BBE9EFF7EE}.Release|Any CPU.Build.0 = Release|Any CPU
		{EC3A46EC-0A63-4D6B-BE1A-00BBE9EFF7EE}.Release|x64.ActiveCfg = Release|Any CPU
		{EC3A46EC-0A63-4D6B-BE1A-00BBE9EFF7EE}.Release|x64.Build.0 = Release|Any CPU
		{EC3A46EC-0A63-4D6B-BE1A-00BBE9EFF7EE}.Release|x86.ActiveCfg = Release|Any CPU
		{EC3A46EC-0A63-4D6B-BE1A-00BBE9EFF7EE}.Release|x86.Build.0 = Release|Any CPU
	EndGlobalSection
	GlobalSection(SolutionProperties) = preSolution
		HideSolutionNode = FALSE
	EndGlobalSection
	GlobalSection(NestedProjects) = preSolution
		{1C9A043B-8111-4060-8807-5EAD66B59162} = {921DBCB9-5CF6-4C27-8FBC-A772F504B472}
		{1EDF251C-66AC-40DB-A858-3C8CA4755D28} = {921DBCB9-5CF6-4C27-8FBC-A772F504B472}
		{F639A691-D276-40BE-A7D5-B4D9B85F58E5} = {CE609670-85B9-0D16-FB54-ED063D5D8A6D}
		{6DB8B13D-84E7-4E5D-829D-6D5DC8192C86} = {921DBCB9-5CF6-4C27-8FBC-A772F504B472}
		{EC3A46EC-0A63-4D6B-BE1A-00BBE9EFF7EE} = {921DBCB9-5CF6-4C27-8FBC-A772F504B472}
	EndGlobalSection
	GlobalSection(ExtensibilityGlobals) = postSolution
		SolutionGuid = {C18A10EE-8101-47C5-80D4-8BB821E9F97E}
	EndGlobalSection
EndGlobal
